
Microsoft Visual Studio Solution File, Format Version 12.00
# Visual Studio Version 17
VisualStudioVersion = 17.14.36414.22 d17.14
MinimumVisualStudioVersion = 10.0.40219.1
Project("{FAE04EC0-301F-11D3-BF4B-00C04F79EFBC}") = "Git_Asp", "Git_Asp\Git_Asp.csproj", "{AC88D221-B831-4BB0-A66C-92272751DE39}"
EndProject
Project("{FAE04EC0-301F-11D3-BF4B-00C04F79EFBC}") = "Git.BE", "Git.BE\Git.BE.csproj", "{D1104EAB-F042-450D-B7C4-C273F17ED428}"
EndProject
Project("{FAE04EC0-301F-11D3-BF4B-00C04F79EFBC}") = "Git.DAL", "Git.DAL\Git.DAL.csproj", "{7E1609C9-FB47-4012-85A3-6827E6A0EC29}"
EndProject
Global
	GlobalSection(SolutionConfigurationPlatforms) = preSolution
		Debug|Any CPU = Debug|Any CPU
		Release|Any CPU = Release|Any CPU
	EndGlobalSection
	GlobalSection(ProjectConfigurationPlatforms) = postSolution
		{AC88D221-B831-4BB0-A66C-92272751DE39}.Debug|Any CPU.ActiveCfg = Debug|Any CPU
		{AC88D221-B831-4BB0-A66C-92272751DE39}.Debug|Any CPU.Build.0 = Debug|Any CPU
		{AC88D221-B831-4BB0-A66C-92272751DE39}.Release|Any CPU.ActiveCfg = Release|Any CPU
		{AC88D221-B831-4BB0-A66C-92272751DE39}.Release|Any CPU.Build.0 = Release|Any CPU
		{D1104EAB-F042-450D-B7C4-C273F17ED428}.Debug|Any CPU.ActiveCfg = Debug|Any CPU
		{D1104EAB-F042-450D-B7C4-C273F17ED428}.Debug|Any CPU.Build.0 = Debug|Any CPU
		{D1104EAB-F042-450D-B7C4-C273F17ED428}.Release|Any CPU.ActiveCfg = Release|Any CPU
		{D1104EAB-F042-450D-B7C4-C273F17ED428}.Release|Any CPU.Build.0 = Release|Any CPU
		{7E1609C9-FB47-4012-85A3-6827E6A0EC29}.Debug|Any CPU.ActiveCfg = Debug|Any CPU
		{7E1609C9-FB47-4012-85A3-6827E6A0EC29}.Debug|Any CPU.Build.0 = Debug|Any CPU
		{7E1609C9-FB47-4012-85A3-6827E6A0EC29}.Release|Any CPU.ActiveCfg = Release|Any CPU
		{7E1609C9-FB47-4012-85A3-6827E6A0EC29}.Release|Any CPU.Build.0 = Release|Any CPU
	EndGlobalSection
	GlobalSection(SolutionProperties) = preSolution
		HideSolutionNode = FALSE
	EndGlobalSection
	GlobalSection(ExtensibilityGlobals) = postSolution
		SolutionGuid = {EC16FFBB-6DF4-4CE9-A195-CD99B69EF43D}
	EndGlobalSection
EndGlobal
